
Microsoft Visual Studio Solution File, Format Version 12.00
# Visual Studio 15
VisualStudioVersion = 15.0.28010.2016
MinimumVisualStudioVersion = 10.0.40219.1
Project("{FAE04EC0-301F-11D3-BF4B-00C04F79EFBC}") = "BoQApplication", "BoQ-Summary\BoQApplication.csproj", "{DFD77EDA-8AAB-4F0D-A1BB-61308005A1ED}"
EndProject
Project("{FAE04EC0-301F-11D3-BF4B-00C04F79EFBC}") = "Configuration", "GeneralConfig\Configuration.csproj", "{79F41E36-B019-4EF6-B53F-E9942C03BD60}"
EndProject
Project("{FAE04EC0-301F-11D3-BF4B-00C04F79EFBC}") = "BoQCore", "BoQCore\BoQCore.csproj", "{58F238D7-B567-4894-814E-380997DAB587}"
EndProject
Global
	GlobalSection(SolutionConfigurationPlatforms) = preSolution
		Debug|Any CPU = Debug|Any CPU
		Release|Any CPU = Release|Any CPU
	EndGlobalSection
	GlobalSection(ProjectConfigurationPlatforms) = postSolution
		{DFD77EDA-8AAB-4F0D-A1BB-61308005A1ED}.Debug|Any CPU.ActiveCfg = Debug|Any CPU
		{DFD77EDA-8AAB-4F0D-A1BB-61308005A1ED}.Debug|Any CPU.Build.0 = Debug|Any CPU
		{DFD77EDA-8AAB-4F0D-A1BB-61308005A1ED}.Release|Any CPU.ActiveCfg = Release|Any CPU
		{DFD77EDA-8AAB-4F0D-A1BB-61308005A1ED}.Release|Any CPU.Build.0 = Release|Any CPU
		{79F41E36-B019-4EF6-B53F-E9942C03BD60}.Debug|Any CPU.ActiveCfg = Debug|Any CPU
		{79F41E36-B019-4EF6-B53F-E9942C03BD60}.Debug|Any CPU.Build.0 = Debug|Any CPU
		{79F41E36-B019-4EF6-B53F-E9942C03BD60}.Release|Any CPU.ActiveCfg = Release|Any CPU
		{79F41E36-B019-4EF6-B53F-E9942C03BD60}.Release|Any CPU.Build.0 = Release|Any CPU
		{58F238D7-B567-4894-814E-380997DAB587}.Debug|Any CPU.ActiveCfg = Debug|Any CPU
		{58F238D7-B567-4894-814E-380997DAB587}.Debug|Any CPU.Build.0 = Debug|Any CPU
		{58F238D7-B567-4894-814E-380997DAB587}.Release|Any CPU.ActiveCfg = Release|Any CPU
		{58F238D7-B567-4894-814E-380997DAB587}.Release|Any CPU.Build.0 = Release|Any CPU
	EndGlobalSection
	GlobalSection(SolutionProperties) = preSolution
		HideSolutionNode = FALSE
	EndGlobalSection
	GlobalSection(ExtensibilityGlobals) = postSolution
		SolutionGuid = {C943015F-7B68-42D9-83B7-2C7307875983}
	EndGlobalSection
EndGlobal
