
Microsoft Visual Studio Solution File, Format Version 12.00
# Visual Studio 15
VisualStudioVersion = 15.0.28010.2016
MinimumVisualStudioVersion = 10.0.40219.1
Project("{FAE04EC0-301F-11D3-BF4B-00C04F79EFBC}") = "BoQ-Summary", "BoQ-Summary\BoQ-Summary.csproj", "{DFD77EDA-8AAB-4F0D-A1BB-61308005A1ED}"
	ProjectSection(ProjectDependencies) = postProject
		{B5FC85EF-1118-451F-BD11-E5E5707B589F} = {B5FC85EF-1118-451F-BD11-E5E5707B589F}
	EndProjectSection
EndProject
Project("{FAE04EC0-301F-11D3-BF4B-00C04F79EFBC}") = "E763Config", "E763Config\E763Config.csproj", "{B5FC85EF-1118-451F-BD11-E5E5707B589F}"
EndProject
Global
	GlobalSection(SolutionConfigurationPlatforms) = preSolution
		Debug|Any CPU = Debug|Any CPU
		Release|Any CPU = Release|Any CPU
	EndGlobalSection
	GlobalSection(ProjectConfigurationPlatforms) = postSolution
		{DFD77EDA-8AAB-4F0D-A1BB-61308005A1ED}.Debug|Any CPU.ActiveCfg = Debug|Any CPU
		{DFD77EDA-8AAB-4F0D-A1BB-61308005A1ED}.Debug|Any CPU.Build.0 = Debug|Any CPU
		{DFD77EDA-8AAB-4F0D-A1BB-61308005A1ED}.Release|Any CPU.ActiveCfg = Release|Any CPU
		{DFD77EDA-8AAB-4F0D-A1BB-61308005A1ED}.Release|Any CPU.Build.0 = Release|Any CPU
		{B5FC85EF-1118-451F-BD11-E5E5707B589F}.Debug|Any CPU.ActiveCfg = Debug|Any CPU
		{B5FC85EF-1118-451F-BD11-E5E5707B589F}.Debug|Any CPU.Build.0 = Debug|Any CPU
		{B5FC85EF-1118-451F-BD11-E5E5707B589F}.Release|Any CPU.ActiveCfg = Release|Any CPU
		{B5FC85EF-1118-451F-BD11-E5E5707B589F}.Release|Any CPU.Build.0 = Release|Any CPU
	EndGlobalSection
	GlobalSection(SolutionProperties) = preSolution
		HideSolutionNode = FALSE
	EndGlobalSection
	GlobalSection(ExtensibilityGlobals) = postSolution
		SolutionGuid = {C943015F-7B68-42D9-83B7-2C7307875983}
	EndGlobalSection
EndGlobal
